
Microsoft Visual Studio Solution File, Format Version 12.00
# Visual Studio Version 17
VisualStudioVersion = 17.10.35004.147
MinimumVisualStudioVersion = 10.0.40219.1
Project("{FAE04EC0-301F-11D3-BF4B-00C04F79EFBC}") = "ProductClientHub.API", "ProductClientHub.API\ProductClientHub.API.csproj", "{13116D08-4DAA-4E92-A7E4-AB4C3ECA92B7}"
EndProject
Project("{FAE04EC0-301F-11D3-BF4B-00C04F79EFBC}") = "ProductClientHub.Communication", "ProductClientHub.Communication\ProductClientHub.Communication.csproj", "{93FA2673-FE59-422F-9AE1-0CD506404299}"
EndProject
Project("{FAE04EC0-301F-11D3-BF4B-00C04F79EFBC}") = "ProducClientHub.Exceptions", "ProducClientHub.Exceptions\ProducClientHub.Exceptions.csproj", "{9252EF09-1587-48C0-AE52-BA340E311AE0}"
EndProject
Global
	GlobalSection(SolutionConfigurationPlatforms) = preSolution
		Debug|Any CPU = Debug|Any CPU
		Release|Any CPU = Release|Any CPU
	EndGlobalSection
	GlobalSection(ProjectConfigurationPlatforms) = postSolution
		{13116D08-4DAA-4E92-A7E4-AB4C3ECA92B7}.Debug|Any CPU.ActiveCfg = Debug|Any CPU
		{13116D08-4DAA-4E92-A7E4-AB4C3ECA92B7}.Debug|Any CPU.Build.0 = Debug|Any CPU
		{13116D08-4DAA-4E92-A7E4-AB4C3ECA92B7}.Release|Any CPU.ActiveCfg = Release|Any CPU
		{13116D08-4DAA-4E92-A7E4-AB4C3ECA92B7}.Release|Any CPU.Build.0 = Release|Any CPU
		{93FA2673-FE59-422F-9AE1-0CD506404299}.Debug|Any CPU.ActiveCfg = Debug|Any CPU
		{93FA2673-FE59-422F-9AE1-0CD506404299}.Debug|Any CPU.Build.0 = Debug|Any CPU
		{93FA2673-FE59-422F-9AE1-0CD506404299}.Release|Any CPU.ActiveCfg = Release|Any CPU
		{93FA2673-FE59-422F-9AE1-0CD506404299}.Release|Any CPU.Build.0 = Release|Any CPU
		{9252EF09-1587-48C0-AE52-BA340E311AE0}.Debug|Any CPU.ActiveCfg = Debug|Any CPU
		{9252EF09-1587-48C0-AE52-BA340E311AE0}.Debug|Any CPU.Build.0 = Debug|Any CPU
		{9252EF09-1587-48C0-AE52-BA340E311AE0}.Release|Any CPU.ActiveCfg = Release|Any CPU
		{9252EF09-1587-48C0-AE52-BA340E311AE0}.Release|Any CPU.Build.0 = Release|Any CPU
	EndGlobalSection
	GlobalSection(SolutionProperties) = preSolution
		HideSolutionNode = FALSE
	EndGlobalSection
	GlobalSection(ExtensibilityGlobals) = postSolution
		SolutionGuid = {C24BDEAF-E7B3-4F76-9B3E-B0419D31917E}
	EndGlobalSection
EndGlobal
